
Microsoft Visual Studio Solution File, Format Version 12.00
# Visual Studio 15
VisualStudioVersion = 15.0.27428.2037
MinimumVisualStudioVersion = 10.0.40219.1
Project("{FAE04EC0-301F-11D3-BF4B-00C04F79EFBC}") = "IShadowx.Core", "IShadowx.Core\IShadowx.Core.csproj", "{54D5257A-FF4D-4ED6-A341-F0A7EF480D33}"
EndProject
Project("{FAE04EC0-301F-11D3-BF4B-00C04F79EFBC}") = "IShadowx.Console", "IShadowx.Console\IShadowx.Console.csproj", "{A3FF393B-A242-484A-AD70-89A1BE12567F}"
EndProject
Project("{FAE04EC0-301F-11D3-BF4B-00C04F79EFBC}") = "IShadowx.WinConsole", "IShadowx.WinConsole\IShadowx.WinConsole.csproj", "{7E04E6BA-064C-420A-BA22-4A868F19B8E0}"
EndProject
Global
	GlobalSection(SolutionConfigurationPlatforms) = preSolution
		Debug|Any CPU = Debug|Any CPU
		Release|Any CPU = Release|Any CPU
	EndGlobalSection
	GlobalSection(ProjectConfigurationPlatforms) = postSolution
		{54D5257A-FF4D-4ED6-A341-F0A7EF480D33}.Debug|Any CPU.ActiveCfg = Debug|Any CPU
		{54D5257A-FF4D-4ED6-A341-F0A7EF480D33}.Debug|Any CPU.Build.0 = Debug|Any CPU
		{54D5257A-FF4D-4ED6-A341-F0A7EF480D33}.Release|Any CPU.ActiveCfg = Release|Any CPU
		{54D5257A-FF4D-4ED6-A341-F0A7EF480D33}.Release|Any CPU.Build.0 = Release|Any CPU
		{A3FF393B-A242-484A-AD70-89A1BE12567F}.Debug|Any CPU.ActiveCfg = Debug|Any CPU
		{A3FF393B-A242-484A-AD70-89A1BE12567F}.Debug|Any CPU.Build.0 = Debug|Any CPU
		{A3FF393B-A242-484A-AD70-89A1BE12567F}.Release|Any CPU.ActiveCfg = Release|Any CPU
		{A3FF393B-A242-484A-AD70-89A1BE12567F}.Release|Any CPU.Build.0 = Release|Any CPU
		{7E04E6BA-064C-420A-BA22-4A868F19B8E0}.Debug|Any CPU.ActiveCfg = Debug|Any CPU
		{7E04E6BA-064C-420A-BA22-4A868F19B8E0}.Debug|Any CPU.Build.0 = Debug|Any CPU
		{7E04E6BA-064C-420A-BA22-4A868F19B8E0}.Release|Any CPU.ActiveCfg = Release|Any CPU
		{7E04E6BA-064C-420A-BA22-4A868F19B8E0}.Release|Any CPU.Build.0 = Release|Any CPU
	EndGlobalSection
	GlobalSection(SolutionProperties) = preSolution
		HideSolutionNode = FALSE
	EndGlobalSection
	GlobalSection(ExtensibilityGlobals) = postSolution
		SolutionGuid = {18C8CF25-0830-401B-8C95-5A5C5F0D8A37}
	EndGlobalSection
EndGlobal
